
Microsoft Visual Studio Solution File, Format Version 12.00
# Visual Studio Version 17
VisualStudioVersion = 17.5.33424.131
MinimumVisualStudioVersion = 10.0.40219.1
Project("{FAE04EC0-301F-11D3-BF4B-00C04F79EFBC}") = "WebApplication1", "WebApplication1.csproj", "{15EE3C39-3922-412A-B9D0-1E2E61EB12C5}"
EndProject
Global
	GlobalSection(SolutionConfigurationPlatforms) = preSolution
		Debug|Any CPU = Debug|Any CPU
		Release|Any CPU = Release|Any CPU
	EndGlobalSection
	GlobalSection(ProjectConfigurationPlatforms) = postSolution
		{15EE3C39-3922-412A-B9D0-1E2E61EB12C5}.Debug|Any CPU.ActiveCfg = Debug|Any CPU
		{15EE3C39-3922-412A-B9D0-1E2E61EB12C5}.Debug|Any CPU.Build.0 = Debug|Any CPU
		{15EE3C39-3922-412A-B9D0-1E2E61EB12C5}.Release|Any CPU.ActiveCfg = Release|Any CPU
		{15EE3C39-3922-412A-B9D0-1E2E61EB12C5}.Release|Any CPU.Build.0 = Release|Any CPU
	EndGlobalSection
	GlobalSection(SolutionProperties) = preSolution
		HideSolutionNode = FALSE
	EndGlobalSection
	GlobalSection(ExtensibilityGlobals) = postSolution
		SolutionGuid = {79FD7990-86B1-4F7F-8734-DD14DF1408C2}
	EndGlobalSection
EndGlobal
